
Microsoft Visual Studio Solution File, Format Version 12.00
# Visual Studio Version 17
VisualStudioVersion = 17.5.002.0
MinimumVisualStudioVersion = 10.0.40219.1
Project("{9A19103F-16F7-4668-BE54-9A1E7A4F7556}") = "Questao06", "Questao06.csproj", "{2C94C1AA-DA7A-44C3-A83A-E5D452B5EB86}"
EndProject
Global
	GlobalSection(SolutionConfigurationPlatforms) = preSolution
		Debug|Any CPU = Debug|Any CPU
		Release|Any CPU = Release|Any CPU
	EndGlobalSection
	GlobalSection(ProjectConfigurationPlatforms) = postSolution
		{2C94C1AA-DA7A-44C3-A83A-E5D452B5EB86}.Debug|Any CPU.ActiveCfg = Debug|Any CPU
		{2C94C1AA-DA7A-44C3-A83A-E5D452B5EB86}.Debug|Any CPU.Build.0 = Debug|Any CPU
		{2C94C1AA-DA7A-44C3-A83A-E5D452B5EB86}.Release|Any CPU.ActiveCfg = Release|Any CPU
		{2C94C1AA-DA7A-44C3-A83A-E5D452B5EB86}.Release|Any CPU.Build.0 = Release|Any CPU
	EndGlobalSection
	GlobalSection(SolutionProperties) = preSolution
		HideSolutionNode = FALSE
	EndGlobalSection
	GlobalSection(ExtensibilityGlobals) = postSolution
		SolutionGuid = {74E8A48D-9887-40DF-8A0A-5B01F3918BBF}
	EndGlobalSection
EndGlobal
